
Microsoft Visual Studio Solution File, Format Version 12.00
# Visual Studio Version 17
VisualStudioVersion = 17.6.33829.357
MinimumVisualStudioVersion = 10.0.40219.1
Project("{FAE04EC0-301F-11D3-BF4B-00C04F79EFBC}") = "MicrozoneDaemon", "MicrozoneDaemon\MicrozoneDaemon.csproj", "{7D29B181-9146-4AD8-AD87-E49BE2CB71CA}"
EndProject
Project("{FAE04EC0-301F-11D3-BF4B-00C04F79EFBC}") = "MicrozoneService", "MicrozoneService\MicrozoneService.csproj", "{5E43DAB8-A4CF-4854-815C-24AB5E5F586D}"
EndProject
Global
	GlobalSection(SolutionConfigurationPlatforms) = preSolution
		Debug|Any CPU = Debug|Any CPU
		Release|Any CPU = Release|Any CPU
	EndGlobalSection
	GlobalSection(ProjectConfigurationPlatforms) = postSolution
		{7D29B181-9146-4AD8-AD87-E49BE2CB71CA}.Debug|Any CPU.ActiveCfg = Debug|Any CPU
		{7D29B181-9146-4AD8-AD87-E49BE2CB71CA}.Debug|Any CPU.Build.0 = Debug|Any CPU
		{7D29B181-9146-4AD8-AD87-E49BE2CB71CA}.Release|Any CPU.ActiveCfg = Release|Any CPU
		{7D29B181-9146-4AD8-AD87-E49BE2CB71CA}.Release|Any CPU.Build.0 = Release|Any CPU
		{5E43DAB8-A4CF-4854-815C-24AB5E5F586D}.Debug|Any CPU.ActiveCfg = Debug|Any CPU
		{5E43DAB8-A4CF-4854-815C-24AB5E5F586D}.Debug|Any CPU.Build.0 = Debug|Any CPU
		{5E43DAB8-A4CF-4854-815C-24AB5E5F586D}.Release|Any CPU.ActiveCfg = Release|Any CPU
		{5E43DAB8-A4CF-4854-815C-24AB5E5F586D}.Release|Any CPU.Build.0 = Release|Any CPU
	EndGlobalSection
	GlobalSection(SolutionProperties) = preSolution
		HideSolutionNode = FALSE
	EndGlobalSection
	GlobalSection(ExtensibilityGlobals) = postSolution
		SolutionGuid = {76788409-3657-4161-9E88-EE803E526B9A}
	EndGlobalSection
EndGlobal
